{
  "name": "Portfolio",
  "lockfileVersion": 3,
  "requires": true,
  "packages": {
    "": {
      "dependencies": {
        "@babylonjs/core": "^8.49.3",
        "@babylonjs/loaders": "^8.49.3"
      }
    },
    "node_modules/@babylonjs/core": {
      "version": "8.49.3",
      "resolved": "https://registry.npmjs.org/@babylonjs/core/-/core-8.49.3.tgz",
      "integrity": "sha512-rOl89yCUS2cX5uHLP6P27S0u3Ee9dq6mTZ4FXH8njoxt/dqX9OEobxB5pofiW9W61TKRhQuDGL6wA/LFnEfDDw==",
      "license": "Apache-2.0"
    },
    "node_modules/@babylonjs/loaders": {
      "version": "8.49.3",
      "resolved": "https://registry.npmjs.org/@babylonjs/loaders/-/loaders-8.49.3.tgz",
      "integrity": "sha512-bIuivd0DZ8DswblNt7EVrAHXBQlro6YjmAwOO2CgkscwjlWPLlnwe4OQhCVm/lXQ/TK7+RmBnxqTeHzlhQANhA==",
      "license": "Apache-2.0",
      "peerDependencies": {
        "@babylonjs/core": "^8.0.0",
        "babylonjs-gltf2interface": "^8.0.0"
      }
    },
    "node_modules/babylonjs-gltf2interface": {
      "version": "8.49.3",
      "resolved": "https://registry.npmjs.org/babylonjs-gltf2interface/-/babylonjs-gltf2interface-8.49.3.tgz",
      "integrity": "sha512-dFbi8pVsRQu8JS46T/pC5kN/KElQbB28A1vexXkp6rFwgSozgkoJNUi6FIN9m5kqnV3WzAODFcN9mV+t/2IttQ==",
      "license": "Apache-2.0",
      "peer": true
    }
  }
}
